
Microsoft Visual Studio Solution File, Format Version 12.00
# Visual Studio Version 16
VisualStudioVersion = 16.0.29709.97
MinimumVisualStudioVersion = 10.0.40219.1
Project("{FAE04EC0-301F-11D3-BF4B-00C04F79EFBC}") = "Scrapper", "Scrapper\Scrapper.csproj", "{8C466BA7-E39C-4E6A-A5D4-80C400A0DA24}"
EndProject
Global
	GlobalSection(SolutionConfigurationPlatforms) = preSolution
		Debug|Any CPU = Debug|Any CPU
		Release|Any CPU = Release|Any CPU
	EndGlobalSection
	GlobalSection(ProjectConfigurationPlatforms) = postSolution
		{8C466BA7-E39C-4E6A-A5D4-80C400A0DA24}.Debug|Any CPU.ActiveCfg = Debug|Any CPU
		{8C466BA7-E39C-4E6A-A5D4-80C400A0DA24}.Debug|Any CPU.Build.0 = Debug|Any CPU
		{8C466BA7-E39C-4E6A-A5D4-80C400A0DA24}.Release|Any CPU.ActiveCfg = Release|Any CPU
		{8C466BA7-E39C-4E6A-A5D4-80C400A0DA24}.Release|Any CPU.Build.0 = Release|Any CPU
	EndGlobalSection
	GlobalSection(SolutionProperties) = preSolution
		HideSolutionNode = FALSE
	EndGlobalSection
	GlobalSection(ExtensibilityGlobals) = postSolution
		SolutionGuid = {91743087-A6DA-4860-9ED6-63AD8E566BD7}
	EndGlobalSection
EndGlobal
